
Microsoft Visual Studio Solution File, Format Version 12.00
# Visual Studio 15
VisualStudioVersion = 15.0.28010.2050
MinimumVisualStudioVersion = 10.0.40219.1
Project("{FAE04EC0-301F-11D3-BF4B-00C04F79EFBC}") = "StringProcessor", "StringProcessor\StringProcessor.csproj", "{3DF49676-20EC-48DA-A53B-C4059801A190}"
EndProject
Global
	GlobalSection(SolutionConfigurationPlatforms) = preSolution
		Debug|Any CPU = Debug|Any CPU
		Release|Any CPU = Release|Any CPU
	EndGlobalSection
	GlobalSection(ProjectConfigurationPlatforms) = postSolution
		{3DF49676-20EC-48DA-A53B-C4059801A190}.Debug|Any CPU.ActiveCfg = Debug|Any CPU
		{3DF49676-20EC-48DA-A53B-C4059801A190}.Debug|Any CPU.Build.0 = Debug|Any CPU
		{3DF49676-20EC-48DA-A53B-C4059801A190}.Release|Any CPU.ActiveCfg = Release|Any CPU
		{3DF49676-20EC-48DA-A53B-C4059801A190}.Release|Any CPU.Build.0 = Release|Any CPU
	EndGlobalSection
	GlobalSection(SolutionProperties) = preSolution
		HideSolutionNode = FALSE
	EndGlobalSection
	GlobalSection(ExtensibilityGlobals) = postSolution
		SolutionGuid = {4E58688A-1518-4E23-A1C9-10ED5322647F}
	EndGlobalSection
EndGlobal
